
Microsoft Visual Studio Solution File, Format Version 12.00
# Visual Studio Version 17
VisualStudioVersion = 17.8.34525.116
MinimumVisualStudioVersion = 10.0.40219.1
Project("{FAE04EC0-301F-11D3-BF4B-00C04F79EFBC}") = "OZON", "OZON.csproj", "{3B64CFDD-10BD-43A0-8EE8-60ADF74E039F}"
EndProject
Global
	GlobalSection(SolutionConfigurationPlatforms) = preSolution
		Debug|Any CPU = Debug|Any CPU
		Release|Any CPU = Release|Any CPU
	EndGlobalSection
	GlobalSection(ProjectConfigurationPlatforms) = postSolution
		{3B64CFDD-10BD-43A0-8EE8-60ADF74E039F}.Debug|Any CPU.ActiveCfg = Debug|Any CPU
		{3B64CFDD-10BD-43A0-8EE8-60ADF74E039F}.Debug|Any CPU.Build.0 = Debug|Any CPU
		{3B64CFDD-10BD-43A0-8EE8-60ADF74E039F}.Release|Any CPU.ActiveCfg = Release|Any CPU
		{3B64CFDD-10BD-43A0-8EE8-60ADF74E039F}.Release|Any CPU.Build.0 = Release|Any CPU
	EndGlobalSection
	GlobalSection(SolutionProperties) = preSolution
		HideSolutionNode = FALSE
	EndGlobalSection
	GlobalSection(ExtensibilityGlobals) = postSolution
		SolutionGuid = {B9331AA4-5144-4E8B-B0D4-62B36D305EAF}
	EndGlobalSection
EndGlobal
